
Microsoft Visual Studio Solution File, Format Version 12.00
# Visual Studio Version 17
VisualStudioVersion = 17.13.35919.96 d17.13
MinimumVisualStudioVersion = 10.0.40219.1
Project("{FAE04EC0-301F-11D3-BF4B-00C04F79EFBC}") = "ConsoleApp1", "ConsoleApp1.csproj", "{F1F6203B-8FAF-4DD1-8FD5-453BA99F2816}"
EndProject
Global
	GlobalSection(SolutionConfigurationPlatforms) = preSolution
		Debug|Any CPU = Debug|Any CPU
		Release|Any CPU = Release|Any CPU
	EndGlobalSection
	GlobalSection(ProjectConfigurationPlatforms) = postSolution
		{F1F6203B-8FAF-4DD1-8FD5-453BA99F2816}.Debug|Any CPU.ActiveCfg = Debug|Any CPU
		{F1F6203B-8FAF-4DD1-8FD5-453BA99F2816}.Debug|Any CPU.Build.0 = Debug|Any CPU
		{F1F6203B-8FAF-4DD1-8FD5-453BA99F2816}.Release|Any CPU.ActiveCfg = Release|Any CPU
		{F1F6203B-8FAF-4DD1-8FD5-453BA99F2816}.Release|Any CPU.Build.0 = Release|Any CPU
	EndGlobalSection
	GlobalSection(SolutionProperties) = preSolution
		HideSolutionNode = FALSE
	EndGlobalSection
	GlobalSection(ExtensibilityGlobals) = postSolution
		SolutionGuid = {0CC8A610-B670-4F23-B8FC-A94F015BCD2E}
	EndGlobalSection
EndGlobal
