
Microsoft Visual Studio Solution File, Format Version 12.00
# Visual Studio Version 17
VisualStudioVersion = 17.13.35919.96 d17.13
MinimumVisualStudioVersion = 10.0.40219.1
Project("{FAE04EC0-301F-11D3-BF4B-00C04F79EFBC}") = "myapp3", "myapp3.csproj", "{4F9BE405-854A-4449-B866-F9AF232936B6}"
EndProject
Global
	GlobalSection(SolutionConfigurationPlatforms) = preSolution
		Debug|Any CPU = Debug|Any CPU
		Release|Any CPU = Release|Any CPU
	EndGlobalSection
	GlobalSection(ProjectConfigurationPlatforms) = postSolution
		{4F9BE405-854A-4449-B866-F9AF232936B6}.Debug|Any CPU.ActiveCfg = Debug|Any CPU
		{4F9BE405-854A-4449-B866-F9AF232936B6}.Debug|Any CPU.Build.0 = Debug|Any CPU
		{4F9BE405-854A-4449-B866-F9AF232936B6}.Release|Any CPU.ActiveCfg = Release|Any CPU
		{4F9BE405-854A-4449-B866-F9AF232936B6}.Release|Any CPU.Build.0 = Release|Any CPU
	EndGlobalSection
	GlobalSection(SolutionProperties) = preSolution
		HideSolutionNode = FALSE
	EndGlobalSection
	GlobalSection(ExtensibilityGlobals) = postSolution
		SolutionGuid = {0FA4AD73-DD52-4D80-B0B0-AA7CAAB04A0F}
	EndGlobalSection
EndGlobal
